
Microsoft Visual Studio Solution File, Format Version 12.00
# Visual Studio Version 16
VisualStudioVersion = 16.0.31729.503
MinimumVisualStudioVersion = 10.0.40219.1
Project("{FAE04EC0-301F-11D3-BF4B-00C04F79EFBC}") = "Plant_Management_System", "Plant_Management_System\Plant_Management_System.csproj", "{E2D3F950-F383-47D4-AA74-C49D1C7C6352}"
EndProject
Global
	GlobalSection(SolutionConfigurationPlatforms) = preSolution
		Debug|Any CPU = Debug|Any CPU
		Release|Any CPU = Release|Any CPU
	EndGlobalSection
	GlobalSection(ProjectConfigurationPlatforms) = postSolution
		{E2D3F950-F383-47D4-AA74-C49D1C7C6352}.Debug|Any CPU.ActiveCfg = Debug|Any CPU
		{E2D3F950-F383-47D4-AA74-C49D1C7C6352}.Debug|Any CPU.Build.0 = Debug|Any CPU
		{E2D3F950-F383-47D4-AA74-C49D1C7C6352}.Release|Any CPU.ActiveCfg = Release|Any CPU
		{E2D3F950-F383-47D4-AA74-C49D1C7C6352}.Release|Any CPU.Build.0 = Release|Any CPU
	EndGlobalSection
	GlobalSection(SolutionProperties) = preSolution
		HideSolutionNode = FALSE
	EndGlobalSection
	GlobalSection(ExtensibilityGlobals) = postSolution
		SolutionGuid = {520B8CC1-DC60-435A-BCD7-8FA701494031}
	EndGlobalSection
EndGlobal
