
Microsoft Visual Studio Solution File, Format Version 12.00
# Visual Studio Version 16
VisualStudioVersion = 16.0.31829.152
MinimumVisualStudioVersion = 10.0.40219.1
Project("{9A19103F-16F7-4668-BE54-9A1E7A4F7556}") = "Plant_Management_System", "Plant_Management_System\Plant_Management_System.csproj", "{9E9A3CEE-9A4F-455A-A516-6AB885126485}"
EndProject
Project("{FAE04EC0-301F-11D3-BF4B-00C04F79EFBC}") = "Plant_Management_System_Unit_Tests", "Plant_Management_System_Unit_Tests\Plant_Management_System_Unit_Tests.csproj", "{0858141E-F6C7-444B-8EC4-74C11E52A0D7}"
EndProject
Global
	GlobalSection(SolutionConfigurationPlatforms) = preSolution
		Debug|Any CPU = Debug|Any CPU
		Release|Any CPU = Release|Any CPU
	EndGlobalSection
	GlobalSection(ProjectConfigurationPlatforms) = postSolution
		{9E9A3CEE-9A4F-455A-A516-6AB885126485}.Debug|Any CPU.ActiveCfg = Debug|Any CPU
		{9E9A3CEE-9A4F-455A-A516-6AB885126485}.Debug|Any CPU.Build.0 = Debug|Any CPU
		{9E9A3CEE-9A4F-455A-A516-6AB885126485}.Release|Any CPU.ActiveCfg = Release|Any CPU
		{9E9A3CEE-9A4F-455A-A516-6AB885126485}.Release|Any CPU.Build.0 = Release|Any CPU
		{0858141E-F6C7-444B-8EC4-74C11E52A0D7}.Debug|Any CPU.ActiveCfg = Debug|Any CPU
		{0858141E-F6C7-444B-8EC4-74C11E52A0D7}.Debug|Any CPU.Build.0 = Debug|Any CPU
		{0858141E-F6C7-444B-8EC4-74C11E52A0D7}.Release|Any CPU.ActiveCfg = Release|Any CPU
		{0858141E-F6C7-444B-8EC4-74C11E52A0D7}.Release|Any CPU.Build.0 = Release|Any CPU
	EndGlobalSection
	GlobalSection(SolutionProperties) = preSolution
		HideSolutionNode = FALSE
	EndGlobalSection
	GlobalSection(ExtensibilityGlobals) = postSolution
		SolutionGuid = {54D473D9-24B8-41DF-B871-839AA8FC4B7B}
	EndGlobalSection
EndGlobal
